// !$*UTF8*$!
{
	archiveVersion = 1;
	classes = {
	};
	objectVersion = 46;
	objects = {

/* Begin PBXBuildFile section */
		16A18B181E110DA1008C1986 /* main.m in Sources */ = {isa = PBXBuildFile; fileRef = 16A18B171E110DA1008C1986 /* main.m */; };
		16A18B1B1E110DA1008C1986 /* AppDelegate.m in Sources */ = {isa = PBXBuildFile; fileRef = 16A18B1A1E110DA1008C1986 /* AppDelegate.m */; };
		16A18B1E1E110DA1008C1986 /* ViewController.m in Sources */ = {isa = PBXBuildFile; fileRef = 16A18B1D1E110DA1008C1986 /* ViewController.m */; };
		16A18B211E110DA1008C1986 /* Main.storyboard in Resources */ = {isa = PBXBuildFile; fileRef = 16A18B1F1E110DA1008C1986 /* Main.storyboard */; };
		16A18B231E110DA1008C1986 /* Assets.xcassets in Resources */ = {isa = PBXBuildFile; fileRef = 16A18B221E110DA1008C1986 /* Assets.xcassets */; };
		16A18B261E110DA1008C1986 /* LaunchScreen.storyboard in Resources */ = {isa = PBXBuildFile; fileRef = 16A18B241E110DA1008C1986 /* LaunchScreen.storyboard */; };
		16A18B301E110E25008C1986 /* KSProtocolModuleManager.m in Sources */ = {isa = PBXBuildFile; fileRef = 16A18B2F1E110E25008C1986 /* KSProtocolModuleManager.m */; };
/* End PBXBuildFile section */

/* Begin PBXFileReference section */
		16A18B131E110DA1008C1986 /* KSProtocolModuleManager.app */ = {isa = PBXFileReference; explicitFileType = wrapper.application; includeInIndex = 0; path = KSProtocolModuleManager.app; sourceTree = BUILT_PRODUCTS_DIR; };
		16A18B171E110DA1008C1986 /* main.m */ = {isa = PBXFileReference; lastKnownFileType = sourcecode.c.objc; path = main.m; sourceTree = "<group>"; };
		16A18B191E110DA1008C1986 /* AppDelegate.h */ = {isa = PBXFileReference; lastKnownFileType = sourcecode.c.h; path = AppDelegate.h; sourceTree = "<group>"; };
		16A18B1A1E110DA1008C1986 /* AppDelegate.m */ = {isa = PBXFileReference; lastKnownFileType = sourcecode.c.objc; path = AppDelegate.m; sourceTree = "<group>"; };
		16A18B1C1E110DA1008C1986 /* ViewController.h */ = {isa = PBXFileReference; lastKnownFileType = sourcecode.c.h; path = ViewController.h; sourceTree = "<group>"; };
		16A18B1D1E110DA1008C1986 /* ViewController.m */ = {isa = PBXFileReference; lastKnownFileType = sourcecode.c.objc; path = ViewController.m; sourceTree = "<group>"; };
		16A18B201E110DA1008C1986 /* Base */ = {isa = PBXFileReference; lastKnownFileType = file.storyboard; name = Base; path = Base.lproj/Main.storyboard; sourceTree = "<group>"; };
		16A18B221E110DA1008C1986 /* Assets.xcassets */ = {isa = PBXFileReference; lastKnownFileType = folder.assetcatalog; path = Assets.xcassets; sourceTree = "<group>"; };
		16A18B251E110DA1008C1986 /* Base */ = {isa = PBXFileReference; lastKnownFileType = file.storyboard; name = Base; path = Base.lproj/LaunchScreen.storyboard; sourceTree = "<group>"; };
		16A18B271E110DA1008C1986 /* Info.plist */ = {isa = PBXFileReference; lastKnownFileType = text.plist.xml; path = Info.plist; sourceTree = "<group>"; };
		16A18B2E1E110E25008C1986 /* KSProtocolModuleManager.h */ = {isa = PBXFileReference; fileEncoding = 4; lastKnownFileType = sourcecode.c.h; path = KSProtocolModuleManager.h; sourceTree = "<group>"; };
		16A18B2F1E110E25008C1986 /* KSProtocolModuleManager.m */ = {isa = PBXFileReference; fileEncoding = 4; lastKnownFileType = sourcecode.c.objc; path = KSProtocolModuleManager.m; sourceTree = "<group>"; };
/* End PBXFileReference section */

/* Begin PBXFrameworksBuildPhase section */
		16A18B101E110DA1008C1986 /* Frameworks */ = {
			isa = PBXFrameworksBuildPhase;
			buildActionMask = 2147483647;
			files = (
			);
			runOnlyForDeploymentPostprocessing = 0;
		};
/* End PBXFrameworksBuildPhase section */

/* Begin PBXGroup section */
		16A18B0A1E110DA1008C1986 = {
			isa = PBXGroup;
			children = (
				16A18B151E110DA1008C1986 /* KSProtocolModuleManager */,
				16A18B141E110DA1008C1986 /* Products */,
			);
			sourceTree = "<group>";
		};
		16A18B141E110DA1008C1986 /* Products */ = {
			isa = PBXGroup;
			children = (
				16A18B131E110DA1008C1986 /* KSProtocolModuleManager.app */,
			);
			name = Products;
			sourceTree = "<group>";
		};
		16A18B151E110DA1008C1986 /* KSProtocolModuleManager */ = {
			isa = PBXGroup;
			children = (
				16A18B2D1E110E13008C1986 /* KSProtocolModuleManager */,
				16A18B191E110DA1008C1986 /* AppDelegate.h */,
				16A18B1A1E110DA1008C1986 /* AppDelegate.m */,
				16A18B1C1E110DA1008C1986 /* ViewController.h */,
				16A18B1D1E110DA1008C1986 /* ViewController.m */,
				16A18B1F1E110DA1008C1986 /* Main.storyboard */,
				16A18B221E110DA1008C1986 /* Assets.xcassets */,
				16A18B241E110DA1008C1986 /* LaunchScreen.storyboard */,
				16A18B271E110DA1008C1986 /* Info.plist */,
				16A18B161E110DA1008C1986 /* Supporting Files */,
			);
			path = KSProtocolModuleManager;
			sourceTree = "<group>";
		};
		16A18B161E110DA1008C1986 /* Supporting Files */ = {
			isa = PBXGroup;
			children = (
				16A18B171E110DA1008C1986 /* main.m */,
			);
			name = "Supporting Files";
			sourceTree = "<group>";
		};
		16A18B2D1E110E13008C1986 /* KSProtocolModuleManager */ = {
			isa = PBXGroup;
			children = (
				16A18B2E1E110E25008C1986 /* KSProtocolModuleManager.h */,
				16A18B2F1E110E25008C1986 /* KSProtocolModuleManager.m */,
			);
			path = KSProtocolModuleManager;
			sourceTree = "<group>";
		};
/* End PBXGroup section */

/* Begin PBXNativeTarget section */
		16A18B121E110DA1008C1986 /* KSProtocolModuleManager */ = {
			isa = PBXNativeTarget;
			buildConfigurationList = 16A18B2A1E110DA1008C1986 /* Build configuration list for PBXNativeTarget "KSProtocolModuleManager" */;
			buildPhases = (
				16A18B0F1E110DA1008C1986 /* Sources */,
				16A18B101E110DA1008C1986 /* Frameworks */,
				16A18B111E110DA1008C1986 /* Resources */,
			);
			buildRules = (
			);
			dependencies = (
			);
			name = KSProtocolModuleManager;
			productName = KSProtocolModuleManager;
			productReference = 16A18B131E110DA1008C1986 /* KSProtocolModuleManager.app */;
			productType = "com.apple.product-type.application";
		};
/* End PBXNativeTarget section */

/* Begin PBXProject section */
		16A18B0B1E110DA1008C1986 /* Project object */ = {
			isa = PBXProject;
			attributes = {
				LastUpgradeCheck = 0820;
				ORGANIZATIONNAME = Kingsum;
				TargetAttributes = {
					16A18B121E110DA1008C1986 = {
						CreatedOnToolsVersion = 8.2.1;
						DevelopmentTeam = 27445UG82M;
						ProvisioningStyle = Automatic;
					};
				};
			};
			buildConfigurationList = 16A18B0E1E110DA1008C1986 /* Build configuration list for PBXProject "KSProtocolModuleManager" */;
			compatibilityVersion = "Xcode 3.2";
			developmentRegion = English;
			hasScannedForEncodings = 0;
			knownRegions = (
				en,
				Base,
			);
			mainGroup = 16A18B0A1E110DA1008C1986;
			productRefGroup = 16A18B141E110DA1008C1986 /* Products */;
			projectDirPath = "";
			projectRoot = "";
			targets = (
				16A18B121E110DA1008C1986 /* KSProtocolModuleManager */,
			);
		};
/* End PBXProject section */

/* Begin PBXResourcesBuildPhase section */
		16A18B111E110DA1008C1986 /* Resources */ = {
			isa = PBXResourcesBuildPhase;
			buildActionMask = 2147483647;
			files = (
				16A18B261E110DA1008C1986 /* LaunchScreen.storyboard in Resources */,
				16A18B231E110DA1008C1986 /* Assets.xcassets in Resources */,
				16A18B211E110DA1008C1986 /* Main.storyboard in Resources */,
			);
			runOnlyForDeploymentPostprocessing = 0;
		};
/* End PBXResourcesBuildPhase section */

/* Begin PBXSourcesBuildPhase section */
		16A18B0F1E110DA1008C1986 /* Sources */ = {
			isa = PBXSourcesBuildPhase;
			buildActionMask = 2147483647;
			files = (
				16A18B1E1E110DA1008C1986 /* ViewController.m in Sources */,
				16A18B301E110E25008C1986 /* KSProtocolModuleManager.m in Sources */,
				16A18B1B1E110DA1008C1986 /* AppDelegate.m in Sources */,
				16A18B181E110DA1008C1986 /* main.m in Sources */,
			);
			runOnlyForDeploymentPostprocessing = 0;
		};
/* End PBXSourcesBuildPhase section */

/* Begin PBXVariantGroup section */
		16A18B1F1E110DA1008C1986 /* Main.storyboard */ = {
			isa = PBXVariantGroup;
			children = (
				16A18B201E110DA1008C1986 /* Base */,
			);
			name = Main.storyboard;
			sourceTree = "<group>";
		};
		16A18B241E110DA1008C1986 /* LaunchScreen.storyboard */ = {
			isa = PBXVariantGroup;
			children = (
				16A18B251E110DA1008C1986 /* Base */,
			);
			name = LaunchScreen.storyboard;
			sourceTree = "<group>";
		};
/* End PBXVariantGroup section */

/* Begin XCBuildConfiguration section */
		16A18B281E110DA1008C1986 /* Debug */ = {
			isa = XCBuildConfiguration;
			buildSettings = {
				ALWAYS_SEARCH_USER_PATHS = NO;
				CLANG_ANALYZER_NONNULL = YES;
				CLANG_CXX_LANGUAGE_STANDARD = "gnu++0x";
				CLANG_CXX_LIBRARY = "libc++";
				CLANG_ENABLE_MODULES = YES;
				CLANG_ENABLE_OBJC_ARC = YES;
				CLANG_WARN_BOOL_CONVERSION = YES;
				CLANG_WARN_CONSTANT_CONVERSION = YES;
				CLANG_WARN_DIRECT_OBJC_ISA_USAGE = YES_ERROR;
				CLANG_WARN_DOCUMENTATION_COMMENTS = YES;
				CLANG_WARN_EMPTY_BODY = YES;
				CLANG_WARN_ENUM_CONVERSION = YES;
				CLANG_WARN_INFINITE_RECURSION = YES;
				CLANG_WARN_INT_CONVERSION = YES;
				CLANG_WARN_OBJC_ROOT_CLASS = YES_ERROR;
				CLANG_WARN_SUSPICIOUS_MOVE = YES;
				CLANG_WARN_UNREACHABLE_CODE = YES;
				CLANG_WARN__DUPLICATE_METHOD_MATCH = YES;
				"CODE_SIGN_IDENTITY[sdk=iphoneos*]" = "iPhone Developer";
				COPY_PHASE_STRIP = NO;
				DEBUG_INFORMATION_FORMAT = dwarf;
				ENABLE_STRICT_OBJC_MSGSEND = YES;
				ENABLE_TESTABILITY = YES;
				GCC_C_LANGUAGE_STANDARD = gnu99;
				GCC_DYNAMIC_NO_PIC = NO;
				GCC_NO_COMMON_BLOCKS = YES;
				GCC_OPTIMIZATION_LEVEL = 0;
				GCC_PREPROCESSOR_DEFINITIONS = (
					"DEBUG=1",
					"$(inherited)",
				);
				GCC_WARN_64_TO_32_BIT_CONVERSION = YES;
				GCC_WARN_ABOUT_RETURN_TYPE = YES_ERROR;
				GCC_WARN_UNDECLARED_SELECTOR = YES;
				GCC_WARN_UNINITIALIZED_AUTOS = YES_AGGRESSIVE;
				GCC_WARN_UNUSED_FUNCTION = YES;
				GCC_WARN_UNUSED_VARIABLE = YES;
				IPHONEOS_DEPLOYMENT_TARGET = 10.2;
				MTL_ENABLE_DEBUG_INFO = YES;
				ONLY_ACTIVE_ARCH = YES;
				SDKROOT = iphoneos;
			};
			name = Debug;
		};
		16A18B291E110DA1008C1986 /* Release */ = {
			isa = XCBuildConfiguration;
			buildSettings = {
				ALWAYS_SEARCH_USER_PATHS = NO;
				CLANG_ANALYZER_NONNULL = YES;
				CLANG_CXX_LANGUAGE_STANDARD = "gnu++0x";
				CLANG_CXX_LIBRARY = "libc++";
				CLANG_ENABLE_MODULES = YES;
				CLANG_ENABLE_OBJC_ARC = YES;
				CLANG_WARN_BOOL_CONVERSION = YES;
				CLANG_WARN_CONSTANT_CONVERSION = YES;
				CLANG_WARN_DIRECT_OBJC_ISA_USAGE = YES_ERROR;
				CLANG_WARN_DOCUMENTATION_COMMENTS = YES;
				CLANG_WARN_EMPTY_BODY = YES;
				CLANG_WARN_ENUM_CONVERSION = YES;
				CLANG_WARN_INFINITE_RECURSION = YES;
				CLANG_WARN_INT_CONVERSION = YES;
				CLANG_WARN_OBJC_ROOT_CLASS = YES_ERROR;
				CLANG_WARN_SUSPICIOUS_MOVE = YES;
				CLANG_WARN_UNREACHABLE_CODE = YES;
				CLANG_WARN__DUPLICATE_METHOD_MATCH = YES;
				"CODE_SIGN_IDENTITY[sdk=iphoneos*]" = "iPhone Developer";
				COPY_PHASE_STRIP = NO;
				DEBUG_INFORMATION_FORMAT = "dwarf-with-dsym";
				ENABLE_NS_ASSERTIONS = NO;
				ENABLE_STRICT_OBJC_MSGSEND = YES;
				GCC_C_LANGUAGE_STANDARD = gnu99;
				GCC_NO_COMMON_BLOCKS = YES;
				GCC_WARN_64_TO_32_BIT_CONVERSION = YES;
				GCC_WARN_ABOUT_RETURN_TYPE = YES_ERROR;
				GCC_WARN_UNDECLARED_SELECTOR = YES;
				GCC_WARN_UNINITIALIZED_AUTOS = YES_AGGRESSIVE;
				GCC_WARN_UNUSED_FUNCTION = YES;
				GCC_WARN_UNUSED_VARIABLE = YES;
				IPHONEOS_DEPLOYMENT_TARGET = 10.2;
				MTL_ENABLE_DEBUG_INFO = NO;
				SDKROOT = iphoneos;
				VALIDATE_PRODUCT = YES;
			};
			name = Release;
		};
		16A18B2B1E110DA1008C1986 /* Debug */ = {
			isa = XCBuildConfiguration;
			buildSettings = {
				ASSETCATALOG_COMPILER_APPICON_NAME = AppIcon;
				DEVELOPMENT_TEAM = 27445UG82M;
				INFOPLIST_FILE = KSProtocolModuleManager/Info.plist;
				IPHONEOS_DEPLOYMENT_TARGET = 8.0;
				LD_RUNPATH_SEARCH_PATHS = "$(inherited) @executable_path/Frameworks";
				PRODUCT_BUNDLE_IDENTIFIER = com.kingsum.KSProtocolModuleManager;
				PRODUCT_NAME = "$(TARGET_NAME)";
			};
			name = Debug;
		};
		16A18B2C1E110DA1008C1986 /* Release */ = {
			isa = XCBuildConfiguration;
			buildSettings = {
				ASSETCATALOG_COMPILER_APPICON_NAME = AppIcon;
				DEVELOPMENT_TEAM = 27445UG82M;
				INFOPLIST_FILE = KSProtocolModuleManager/Info.plist;
				IPHONEOS_DEPLOYMENT_TARGET = 8.0;
				LD_RUNPATH_SEARCH_PATHS = "$(inherited) @executable_path/Frameworks";
				PRODUCT_BUNDLE_IDENTIFIER = com.kingsum.KSProtocolModuleManager;
				PRODUCT_NAME = "$(TARGET_NAME)";
			};
			name = Release;
		};
/* End XCBuildConfiguration section */

/* Begin XCConfigurationList section */
		16A18B0E1E110DA1008C1986 /* Build configuration list for PBXProject "KSProtocolModuleManager" */ = {
			isa = XCConfigurationList;
			buildConfigurations = (
				16A18B281E110DA1008C1986 /* Debug */,
				16A18B291E110DA1008C1986 /* Release */,
			);
			defaultConfigurationIsVisible = 0;
			defaultConfigurationName = Release;
		};
		16A18B2A1E110DA1008C1986 /* Build configuration list for PBXNativeTarget "KSProtocolModuleManager" */ = {
			isa = XCConfigurationList;
			buildConfigurations = (
				16A18B2B1E110DA1008C1986 /* Debug */,
				16A18B2C1E110DA1008C1986 /* Release */,
			);
			defaultConfigurationIsVisible = 0;
			defaultConfigurationName = Release;
		};
/* End XCConfigurationList section */
	};
	rootObject = 16A18B0B1E110DA1008C1986 /* Project object */;
}
